
Microsoft Visual Studio Solution File, Format Version 12.00
Project("{FAE04EC0-301F-11D3-BF4B-00C04F79EFBC}") = "Translator", "Translator\Translator.csproj", "{F6A1218A-63A8-40EA-B8D1-0FD8C62413F5}"
EndProject
Global
	GlobalSection(SolutionConfigurationPlatforms) = preSolution
		Debug|Any CPU = Debug|Any CPU
		Release|Any CPU = Release|Any CPU
	EndGlobalSection
	GlobalSection(ProjectConfigurationPlatforms) = postSolution
		{F6A1218A-63A8-40EA-B8D1-0FD8C62413F5}.Debug|Any CPU.ActiveCfg = Debug|Any CPU
		{F6A1218A-63A8-40EA-B8D1-0FD8C62413F5}.Debug|Any CPU.Build.0 = Debug|Any CPU
		{F6A1218A-63A8-40EA-B8D1-0FD8C62413F5}.Release|Any CPU.ActiveCfg = Release|Any CPU
		{F6A1218A-63A8-40EA-B8D1-0FD8C62413F5}.Release|Any CPU.Build.0 = Release|Any CPU
	EndGlobalSection
EndGlobal
